PODS:
  - AFNetworking (2.3.0):
    - AFNetworking/NSURLConnection (= 2.3.0)
    - AFNetworking/NSURLSession (= 2.3.0)
    - AFNetworking/Reachability (= 2.3.0)
    - AFNetworking/Security (= 2.3.0)
    - AFNetworking/Serialization (= 2.3.0)
    - AFNetworking/UIKit (= 2.3.0)
  - AFNetworking/NSURLConnection (2.3.0):
    - AFNetworking/Reachability
    - AFNetworking/Security
    - AFNetworking/Serialization
  - AFNetworking/NSURLSession (2.3.0):
    - AFNetworking/Reachability
    - AFNetworking/Security
    - AFNetworking/Serialization
  - AFNetworking/Reachability (2.3.0)
  - AFNetworking/Security (2.3.0)
  - AFNetworking/Serialization (2.3.0)
  - AFNetworking/UIKit (2.3.0):
    - AFNetworking/NSURLConnection
    - AFNetworking/NSURLSession
  - AMap3DMap (4.0.3):
    - AMapFoundation (~> 1.0)
  - AMapFoundation (1.1.0)
  - AMapLocation (2.1.0):
    - AMapFoundation (~> 1.1)
  - AMapSearch (4.1.0):
    - AMapFoundation (~> 1.0)
  - FMDB (2.6.2):
    - FMDB/standard (= 2.6.2)
  - FMDB/standard (2.6.2)
  - Masonry (1.0.1)
  - MBProgressHUD (1.0.0)
  - MJExtension (3.0.11)
  - MJRefresh (3.1.10)
  - Reachability (3.2)
  - SDCycleScrollView (1.65):
    - SDWebImage (~> 3.7)
  - SDWebImage (3.8.1):
    - SDWebImage/Core (= 3.8.1)
  - SDWebImage/Core (3.8.1)

DEPENDENCIES:
  - AFNetworking (= 2.3)
  - AMap3DMap
  - AMapLocation
  - AMapSearch
  - FMDB
  - Masonry
  - MBProgressHUD
  - MJExtension
  - MJRefresh
  - Reachability
  - SDCycleScrollView
  - SDWebImage

SPEC CHECKSUMS:
  AFNetworking: 29871543aa6e8ece4f9557efad6613c57257c93f
  AMap3DMap: 8619d67fe7b3bbe45abf74b3434eb9ab20220507
  AMapFoundation: 15db20567e6512422a086a01b42a88b145bc2500
  AMapLocation: 343abc9ccd971ad27e459f38b5b082eabebf8792
  AMapSearch: cb4722480d2d4331a032d43bd1070ed0fa55dac9
  FMDB: 854a0341b4726e53276f2a8996f06f1b80f9259a
  Masonry: a1a931a0d08870ed8ae415a2ea5ea68ebcac77df
  MBProgressHUD: 4890f671c94e8a0f3cf959aa731e9de2f036d71a
  MJExtension: f9ae6ddc0f1c482c3c9af750280ccebd14381958
  MJRefresh: bb72948c985914b0b5cecac573a2c69a8915fb02
  Reachability: 33e18b67625424e47b6cde6d202dce689ad7af96
  SDCycleScrollView: f72904c77698a7f93a41bcbbc2d78b073bf7326c
  SDWebImage: 35f9627a3e44b4f292a8a8ce6a531fa488239b91

PODFILE CHECKSUM: e37682a1ee660627e975b94407205bd500acd8fb

COCOAPODS: 1.2.0.beta.1
